
Microsoft Visual Studio Solution File, Format Version 12.00
# Visual Studio Version 16
VisualStudioVersion = 16.0.30406.217
MinimumVisualStudioVersion = 10.0.40219.1
Project("{FAE04EC0-301F-11D3-BF4B-00C04F79EFBC}") = "userinput", "userinput\userinput.csproj", "{A495C6CA-E3E5-49EB-BC11-B57F4D33088B}"
EndProject
Global
	GlobalSection(SolutionConfigurationPlatforms) = preSolution
		Debug|Any CPU = Debug|Any CPU
		Release|Any CPU = Release|Any CPU
	EndGlobalSection
	GlobalSection(ProjectConfigurationPlatforms) = postSolution
		{A495C6CA-E3E5-49EB-BC11-B57F4D33088B}.Debug|Any CPU.ActiveCfg = Debug|Any CPU
		{A495C6CA-E3E5-49EB-BC11-B57F4D33088B}.Debug|Any CPU.Build.0 = Debug|Any CPU
		{A495C6CA-E3E5-49EB-BC11-B57F4D33088B}.Release|Any CPU.ActiveCfg = Release|Any CPU
		{A495C6CA-E3E5-49EB-BC11-B57F4D33088B}.Release|Any CPU.Build.0 = Release|Any CPU
	EndGlobalSection
	GlobalSection(SolutionProperties) = preSolution
		HideSolutionNode = FALSE
	EndGlobalSection
	GlobalSection(ExtensibilityGlobals) = postSolution
		SolutionGuid = {3D68BDF6-5A24-4FBF-9F09-421A94F64F13}
	EndGlobalSection
EndGlobal
